
Microsoft Visual Studio Solution File, Format Version 12.00
# Visual Studio Version 17
VisualStudioVersion = 17.9.34407.89
MinimumVisualStudioVersion = 10.0.40219.1
Project("{9A19103F-16F7-4668-BE54-9A1E7A4F7556}") = "Server", "Server\Server.csproj", "{6C8E2779-37B0-4BFF-8115-CFA5B5965354}"
EndProject
Project("{9A19103F-16F7-4668-BE54-9A1E7A4F7556}") = "Client", "Client\Client.csproj", "{EF3B992E-894B-4DB7-90E0-F0BACA064590}"
EndProject
Project("{9A19103F-16F7-4668-BE54-9A1E7A4F7556}") = "BaseLibrary", "BaseLibrary\BaseLibrary.csproj", "{75EB2C31-41E3-400E-A99A-9CFB34D326B4}"
EndProject
Project("{9A19103F-16F7-4668-BE54-9A1E7A4F7556}") = "ClientLibrary", "ClientLibrary\ClientLibrary.csproj", "{D978EE91-0056-4F4C-8AD1-69D3FE5A7AC6}"
EndProject
Project("{9A19103F-16F7-4668-BE54-9A1E7A4F7556}") = "ServerLibrary", "ServerLibrary\ServerLibrary.csproj", "{1F1F97CA-BCBD-4551-A9FB-FC218C25BF4D}"
EndProject
Global
	GlobalSection(SolutionConfigurationPlatforms) = preSolution
		Debug|Any CPU = Debug|Any CPU
		Release|Any CPU = Release|Any CPU
	EndGlobalSection
	GlobalSection(ProjectConfigurationPlatforms) = postSolution
		{6C8E2779-37B0-4BFF-8115-CFA5B5965354}.Debug|Any CPU.ActiveCfg = Debug|Any CPU
		{6C8E2779-37B0-4BFF-8115-CFA5B5965354}.Debug|Any CPU.Build.0 = Debug|Any CPU
		{6C8E2779-37B0-4BFF-8115-CFA5B5965354}.Release|Any CPU.ActiveCfg = Release|Any CPU
		{6C8E2779-37B0-4BFF-8115-CFA5B5965354}.Release|Any CPU.Build.0 = Release|Any CPU
		{EF3B992E-894B-4DB7-90E0-F0BACA064590}.Debug|Any CPU.ActiveCfg = Debug|Any CPU
		{EF3B992E-894B-4DB7-90E0-F0BACA064590}.Debug|Any CPU.Build.0 = Debug|Any CPU
		{EF3B992E-894B-4DB7-90E0-F0BACA064590}.Release|Any CPU.ActiveCfg = Release|Any CPU
		{EF3B992E-894B-4DB7-90E0-F0BACA064590}.Release|Any CPU.Build.0 = Release|Any CPU
		{75EB2C31-41E3-400E-A99A-9CFB34D326B4}.Debug|Any CPU.ActiveCfg = Debug|Any CPU
		{75EB2C31-41E3-400E-A99A-9CFB34D326B4}.Debug|Any CPU.Build.0 = Debug|Any CPU
		{75EB2C31-41E3-400E-A99A-9CFB34D326B4}.Release|Any CPU.ActiveCfg = Release|Any CPU
		{75EB2C31-41E3-400E-A99A-9CFB34D326B4}.Release|Any CPU.Build.0 = Release|Any CPU
		{D978EE91-0056-4F4C-8AD1-69D3FE5A7AC6}.Debug|Any CPU.ActiveCfg = Debug|Any CPU
		{D978EE91-0056-4F4C-8AD1-69D3FE5A7AC6}.Debug|Any CPU.Build.0 = Debug|Any CPU
		{D978EE91-0056-4F4C-8AD1-69D3FE5A7AC6}.Release|Any CPU.ActiveCfg = Release|Any CPU
		{D978EE91-0056-4F4C-8AD1-69D3FE5A7AC6}.Release|Any CPU.Build.0 = Release|Any CPU
		{1F1F97CA-BCBD-4551-A9FB-FC218C25BF4D}.Debug|Any CPU.ActiveCfg = Debug|Any CPU
		{1F1F97CA-BCBD-4551-A9FB-FC218C25BF4D}.Debug|Any CPU.Build.0 = Debug|Any CPU
		{1F1F97CA-BCBD-4551-A9FB-FC218C25BF4D}.Release|Any CPU.ActiveCfg = Release|Any CPU
		{1F1F97CA-BCBD-4551-A9FB-FC218C25BF4D}.Release|Any CPU.Build.0 = Release|Any CPU
	EndGlobalSection
	GlobalSection(SolutionProperties) = preSolution
		HideSolutionNode = FALSE
	EndGlobalSection
	GlobalSection(ExtensibilityGlobals) = postSolution
		SolutionGuid = {21DC9600-DB4A-4207-BF79-9F841BFA219B}
	EndGlobalSection
EndGlobal
